{
  "version": 4,
  "terraform_version": "1.2.3",
  "serial": 39,
  "lineage": "071da18b-c6bd-9983-a4c7-df3f5124fed3",
  "outputs": {},
  "resources": [
    {
      "mode": "managed",
      "type": "azurerm_network_interface",
      "name": "challenge",
      "provider": "provider[\"registry.terraform.io/hashicorp/azurerm\"]",
      "instances": [
        {
          "schema_version": 0,
          "attributes": {
            "applied_dns_servers": [],
            "dns_servers": [],
            "enable_accelerated_networking": false,
            "enable_ip_forwarding": false,
            "id": "/subscriptions/bc1a1fc7-3567-4af2-95e4-aa5c91f3194e/resourceGroups/challenge-rg/providers/Microsoft.Network/networkInterfaces/challenge-nic",
            "internal_dns_name_label": "",
            "internal_domain_name_suffix": "jp4rik3xraouvkdevbye2ejf5f.bx.internal.cloudapp.net",
            "ip_configuration": [
              {
                "gateway_load_balancer_frontend_ip_configuration_id": "",
                "name": "challengeconfiguration1",
                "primary": true,
                "private_ip_address": "10.0.2.4",
                "private_ip_address_allocation": "Dynamic",
                "private_ip_address_version": "IPv4",
                "public_ip_address_id": "/subscriptions/bc1a1fc7-3567-4af2-95e4-aa5c91f3194e/resourceGroups/challenge-rg/providers/Microsoft.Network/publicIPAddresses/pip-challenge",
                "subnet_id": "/subscriptions/bc1a1fc7-3567-4af2-95e4-aa5c91f3194e/resourceGroups/challenge-rg/providers/Microsoft.Network/virtualNetworks/challenge-network/subnets/internal"
              }
            ],
            "location": "eastus",
            "mac_address": "60-45-BD-A8-E5-3C",
            "name": "challenge-nic",
            "private_ip_address": "10.0.2.4",
            "private_ip_addresses": [
              "10.0.2.4"
            ],
            "resource_group_name": "challenge-rg",
            "tags": {},
            "timeouts": null,
            "virtual_machine_id": "/subscriptions/bc1a1fc7-3567-4af2-95e4-aa5c91f3194e/resourceGroups/challenge-rg/providers/Microsoft.Compute/virtualMachines/challenge-vm"
          },
          "sensitive_attributes": [],
          "private": "eyJlMmJmYjczMC1lY2FhLTExZTYtOGY4OC0zNDM2M2JjN2M0YzAiOnsiY3JlYXRlIjoxODAwMDAwMDAwMDAwLCJkZWxldGUiOjE4MDAwMDAwMDAwMDAsInJlYWQiOjMwMDAwMDAwMDAwMCwidXBkYXRlIjoxODAwMDAwMDAwMDAwfX0=",
          "dependencies": [
            "azurerm_public_ip.challenge-ip",
            "azurerm_resource_group.challenge",
            "azurerm_subnet.internal",
            "azurerm_virtual_network.challenge"
          ]
        }
      ]
    },
    {
      "mode": "managed",
      "type": "azurerm_network_interface_security_group_association",
      "name": "challenge-association",
      "provider": "provider[\"registry.terraform.io/hashicorp/azurerm\"]",
      "instances": [
        {
          "schema_version": 0,
          "attributes": {
            "id": "/subscriptions/bc1a1fc7-3567-4af2-95e4-aa5c91f3194e/resourceGroups/challenge-rg/providers/Microsoft.Network/networkInterfaces/challenge-nic|/subscriptions/bc1a1fc7-3567-4af2-95e4-aa5c91f3194e/resourceGroups/challenge-rg/providers/Microsoft.Network/networkSecurityGroups/challenge-nsg",
            "network_interface_id": "/subscriptions/bc1a1fc7-3567-4af2-95e4-aa5c91f3194e/resourceGroups/challenge-rg/providers/Microsoft.Network/networkInterfaces/challenge-nic",
            "network_security_group_id": "/subscriptions/bc1a1fc7-3567-4af2-95e4-aa5c91f3194e/resourceGroups/challenge-rg/providers/Microsoft.Network/networkSecurityGroups/challenge-nsg",
            "timeouts": null
          },
          "sensitive_attributes": [],
          "private": "eyJlMmJmYjczMC1lY2FhLTExZTYtOGY4OC0zNDM2M2JjN2M0YzAiOnsiY3JlYXRlIjoxODAwMDAwMDAwMDAwLCJkZWxldGUiOjE4MDAwMDAwMDAwMDAsInJlYWQiOjMwMDAwMDAwMDAwMCwidXBkYXRlIjoxODAwMDAwMDAwMDAwfX0=",
          "dependencies": [
            "azurerm_network_interface.challenge",
            "azurerm_network_security_group.challenge-nsg",
            "azurerm_public_ip.challenge-ip",
            "azurerm_resource_group.challenge",
            "azurerm_subnet.internal",
            "azurerm_virtual_network.challenge"
          ]
        }
      ]
    },
    {
      "mode": "managed",
      "type": "azurerm_network_security_group",
      "name": "challenge-nsg",
      "provider": "provider[\"registry.terraform.io/hashicorp/azurerm\"]",
      "instances": [
        {
          "schema_version": 0,
          "attributes": {
            "id": "/subscriptions/bc1a1fc7-3567-4af2-95e4-aa5c91f3194e/resourceGroups/challenge-rg/providers/Microsoft.Network/networkSecurityGroups/challenge-nsg",
            "location": "eastus",
            "name": "challenge-nsg",
            "resource_group_name": "challenge-rg",
            "security_rule": [
              {
                "access": "Allow",
                "description": "",
                "destination_address_prefix": "*",
                "destination_address_prefixes": [],
                "destination_application_security_group_ids": [],
                "destination_port_range": "22",
                "destination_port_ranges": [],
                "direction": "Inbound",
                "name": "SSH",
                "priority": 1001,
                "protocol": "Tcp",
                "source_address_prefix": "200.158.169.179",
                "source_address_prefixes": [],
                "source_application_security_group_ids": [],
                "source_port_range": "*",
                "source_port_ranges": []
              }
            ],
            "tags": {},
            "timeouts": null
          },
          "sensitive_attributes": [],
          "private": "eyJlMmJmYjczMC1lY2FhLTExZTYtOGY4OC0zNDM2M2JjN2M0YzAiOnsiY3JlYXRlIjoxODAwMDAwMDAwMDAwLCJkZWxldGUiOjE4MDAwMDAwMDAwMDAsInJlYWQiOjMwMDAwMDAwMDAwMCwidXBkYXRlIjoxODAwMDAwMDAwMDAwfX0=",
          "dependencies": [
            "azurerm_resource_group.challenge"
          ]
        }
      ]
    },
    {
      "mode": "managed",
      "type": "azurerm_public_ip",
      "name": "challenge-ip",
      "provider": "provider[\"registry.terraform.io/hashicorp/azurerm\"]",
      "instances": [
        {
          "schema_version": 0,
          "attributes": {
            "allocation_method": "Dynamic",
            "availability_zone": "No-Zone",
            "domain_name_label": null,
            "fqdn": null,
            "id": "/subscriptions/bc1a1fc7-3567-4af2-95e4-aa5c91f3194e/resourceGroups/challenge-rg/providers/Microsoft.Network/publicIPAddresses/pip-challenge",
            "idle_timeout_in_minutes": 4,
            "ip_address": "13.90.199.207",
            "ip_tags": {},
            "ip_version": "IPv4",
            "location": "eastus",
            "name": "pip-challenge",
            "public_ip_prefix_id": null,
            "resource_group_name": "challenge-rg",
            "reverse_fqdn": null,
            "sku": "Basic",
            "sku_tier": "Regional",
            "tags": {},
            "timeouts": null,
            "zones": []
          },
          "sensitive_attributes": [],
          "private": "eyJlMmJmYjczMC1lY2FhLTExZTYtOGY4OC0zNDM2M2JjN2M0YzAiOnsiY3JlYXRlIjoxODAwMDAwMDAwMDAwLCJkZWxldGUiOjE4MDAwMDAwMDAwMDAsInJlYWQiOjMwMDAwMDAwMDAwMCwidXBkYXRlIjoxODAwMDAwMDAwMDAwfX0=",
          "dependencies": [
            "azurerm_resource_group.challenge"
          ]
        }
      ]
    },
    {
      "mode": "managed",
      "type": "azurerm_resource_group",
      "name": "challenge",
      "provider": "provider[\"registry.terraform.io/hashicorp/azurerm\"]",
      "instances": [
        {
          "schema_version": 0,
          "attributes": {
            "id": "/subscriptions/bc1a1fc7-3567-4af2-95e4-aa5c91f3194e/resourceGroups/challenge-rg",
            "location": "eastus",
            "name": "challenge-rg",
            "tags": {},
            "timeouts": null
          },
          "sensitive_attributes": [],
          "private": "eyJlMmJmYjczMC1lY2FhLTExZTYtOGY4OC0zNDM2M2JjN2M0YzAiOnsiY3JlYXRlIjo1NDAwMDAwMDAwMDAwLCJkZWxldGUiOjU0MDAwMDAwMDAwMDAsInJlYWQiOjMwMDAwMDAwMDAwMCwidXBkYXRlIjo1NDAwMDAwMDAwMDAwfX0="
        }
      ]
    },
    {
      "mode": "managed",
      "type": "azurerm_subnet",
      "name": "internal",
      "provider": "provider[\"registry.terraform.io/hashicorp/azurerm\"]",
      "instances": [
        {
          "schema_version": 0,
          "attributes": {
            "address_prefix": "10.0.2.0/24",
            "address_prefixes": [
              "10.0.2.0/24"
            ],
            "delegation": [],
            "enforce_private_link_endpoint_network_policies": false,
            "enforce_private_link_service_network_policies": false,
            "id": "/subscriptions/bc1a1fc7-3567-4af2-95e4-aa5c91f3194e/resourceGroups/challenge-rg/providers/Microsoft.Network/virtualNetworks/challenge-network/subnets/internal",
            "name": "internal",
            "resource_group_name": "challenge-rg",
            "service_endpoint_policy_ids": [],
            "service_endpoints": [],
            "timeouts": null,
            "virtual_network_name": "challenge-network"
          },
          "sensitive_attributes": [],
          "private": "eyJlMmJmYjczMC1lY2FhLTExZTYtOGY4OC0zNDM2M2JjN2M0YzAiOnsiY3JlYXRlIjoxODAwMDAwMDAwMDAwLCJkZWxldGUiOjE4MDAwMDAwMDAwMDAsInJlYWQiOjMwMDAwMDAwMDAwMCwidXBkYXRlIjoxODAwMDAwMDAwMDAwfX0=",
          "dependencies": [
            "azurerm_resource_group.challenge",
            "azurerm_virtual_network.challenge"
          ]
        }
      ]
    },
    {
      "mode": "managed",
      "type": "azurerm_virtual_machine",
      "name": "challenge",
      "provider": "provider[\"registry.terraform.io/hashicorp/azurerm\"]",
      "instances": [
        {
          "schema_version": 0,
          "attributes": {
            "additional_capabilities": [],
            "availability_set_id": null,
            "boot_diagnostics": [],
            "delete_data_disks_on_termination": false,
            "delete_os_disk_on_termination": false,
            "id": "/subscriptions/bc1a1fc7-3567-4af2-95e4-aa5c91f3194e/resourceGroups/challenge-rg/providers/Microsoft.Compute/virtualMachines/challenge-vm",
            "identity": [],
            "license_type": null,
            "location": "eastus",
            "name": "challenge-vm",
            "network_interface_ids": [
              "/subscriptions/bc1a1fc7-3567-4af2-95e4-aa5c91f3194e/resourceGroups/challenge-rg/providers/Microsoft.Network/networkInterfaces/challenge-nic"
            ],
            "os_profile": [
              {
                "admin_password": "",
                "admin_username": "azroot",
                "computer_name": "challenge-devops",
                "custom_data": ""
              }
            ],
            "os_profile_linux_config": [
              {
                "disable_password_authentication": false,
                "ssh_keys": []
              }
            ],
            "os_profile_secrets": [],
            "os_profile_windows_config": [],
            "plan": [],
            "primary_network_interface_id": null,
            "proximity_placement_group_id": null,
            "resource_group_name": "challenge-rg",
            "storage_data_disk": [],
            "storage_image_reference": [
              {
                "id": "",
                "offer": "UbuntuServer",
                "publisher": "Canonical",
                "sku": "18.04-LTS",
                "version": "latest"
              }
            ],
            "storage_os_disk": [
              {
                "caching": "ReadWrite",
                "create_option": "FromImage",
                "disk_size_gb": 30,
                "image_uri": "",
                "managed_disk_id": "/subscriptions/bc1a1fc7-3567-4af2-95e4-aa5c91f3194e/resourceGroups/challenge-rg/providers/Microsoft.Compute/disks/myosdisk1",
                "managed_disk_type": "Standard_LRS",
                "name": "myosdisk1",
                "os_type": "Linux",
                "vhd_uri": "",
                "write_accelerator_enabled": false
              }
            ],
            "tags": {
              "environment": "staging"
            },
            "timeouts": null,
            "vm_size": "Standard_DS1_v2",
            "zones": []
          },
          "sensitive_attributes": [],
          "private": "eyJlMmJmYjczMC1lY2FhLTExZTYtOGY4OC0zNDM2M2JjN2M0YzAiOnsiY3JlYXRlIjozNjAwMDAwMDAwMDAwLCJkZWxldGUiOjM2MDAwMDAwMDAwMDAsInJlYWQiOjMwMDAwMDAwMDAwMCwidXBkYXRlIjozNjAwMDAwMDAwMDAwfX0=",
          "dependencies": [
            "azurerm_network_interface.challenge",
            "azurerm_public_ip.challenge-ip",
            "azurerm_resource_group.challenge",
            "azurerm_subnet.internal",
            "azurerm_virtual_network.challenge"
          ]
        }
      ]
    },
    {
      "mode": "managed",
      "type": "azurerm_virtual_network",
      "name": "challenge",
      "provider": "provider[\"registry.terraform.io/hashicorp/azurerm\"]",
      "instances": [
        {
          "schema_version": 0,
          "attributes": {
            "address_space": [
              "10.0.0.0/16"
            ],
            "bgp_community": "",
            "ddos_protection_plan": [],
            "dns_servers": [],
            "flow_timeout_in_minutes": 0,
            "guid": "2b14fd4b-88b7-4a1d-a864-a8704e1125fd",
            "id": "/subscriptions/bc1a1fc7-3567-4af2-95e4-aa5c91f3194e/resourceGroups/challenge-rg/providers/Microsoft.Network/virtualNetworks/challenge-network",
            "location": "eastus",
            "name": "challenge-network",
            "resource_group_name": "challenge-rg",
            "subnet": [
              {
                "address_prefix": "10.0.2.0/24",
                "id": "/subscriptions/bc1a1fc7-3567-4af2-95e4-aa5c91f3194e/resourceGroups/challenge-rg/providers/Microsoft.Network/virtualNetworks/challenge-network/subnets/internal",
                "name": "internal",
                "security_group": ""
              }
            ],
            "tags": {},
            "timeouts": null,
            "vm_protection_enabled": false
          },
          "sensitive_attributes": [],
          "private": "eyJlMmJmYjczMC1lY2FhLTExZTYtOGY4OC0zNDM2M2JjN2M0YzAiOnsiY3JlYXRlIjoxODAwMDAwMDAwMDAwLCJkZWxldGUiOjE4MDAwMDAwMDAwMDAsInJlYWQiOjMwMDAwMDAwMDAwMCwidXBkYXRlIjoxODAwMDAwMDAwMDAwfX0=",
          "dependencies": [
            "azurerm_resource_group.challenge"
          ]
        }
      ]
    }
  ]
}
